PODS:
  - iOSSnapshotTestCase (2.2.0):
    - iOSSnapshotTestCase/SwiftSupport (= 2.2.0)
  - iOSSnapshotTestCase/Core (2.2.0)
  - iOSSnapshotTestCase/SwiftSupport (2.2.0):
    - iOSSnapshotTestCase/Core

DEPENDENCIES:
  - iOSSnapshotTestCase

SPEC CHECKSUMS:
  iOSSnapshotTestCase: 415bd84f9dbba4ff45fede49d800bc7332fbedac

PODFILE CHECKSUM: bea2bbe5e4d261925b6780fd28c20bbfd2f4a089

COCOAPODS: 1.4.0
